{
  "version": 4,
  "terraform_version": "1.10.4",
  "serial": 4,
  "lineage": "c9233cfe-026b-8cf2-b213-a0e39fc00618",
  "outputs": {
    "queue_arns": {
      "value": {
        "Normal-Emails": "arn:aws:sqs:eu-north-1:656647128674:Normal-Emails",
        "Normal-SMS": "arn:aws:sqs:eu-north-1:656647128674:Normal-SMS",
        "Priority-Emails": "arn:aws:sqs:eu-north-1:656647128674:Priority-Emails",
        "Priority-SMS": "arn:aws:sqs:eu-north-1:656647128674:Priority-SMS"
      },
      "type": [
        "object",
        {
          "Normal-Emails": "string",
          "Normal-SMS": "string",
          "Priority-Emails": "string",
          "Priority-SMS": "string"
        }
      ]
    },
    "queue_urls": {
      "value": {
        "Normal-Emails": "https://sqs.eu-north-1.amazonaws.com/656647128674/Normal-Emails",
        "Normal-SMS": "https://sqs.eu-north-1.amazonaws.com/656647128674/Normal-SMS",
        "Priority-Emails": "https://sqs.eu-north-1.amazonaws.com/656647128674/Priority-Emails",
        "Priority-SMS": "https://sqs.eu-north-1.amazonaws.com/656647128674/Priority-SMS"
      },
      "type": [
        "object",
        {
          "Normal-Emails": "string",
          "Normal-SMS": "string",
          "Priority-Emails": "string",
          "Priority-SMS": "string"
        }
      ]
    }
  },
  "resources": [
    {
      "mode": "managed",
      "type": "aws_sqs_queue",
      "name": "notification_queues",
      "provider": "provider[\"registry.terraform.io/hashicorp/aws\"]",
      "instances": [
        {
          "index_key": "Normal-Emails",
          "schema_version": 0,
          "attributes": {
            "arn": "arn:aws:sqs:eu-north-1:656647128674:Normal-Emails",
            "content_based_deduplication": false,
            "deduplication_scope": "",
            "delay_seconds": 0,
            "fifo_queue": false,
            "fifo_throughput_limit": "",
            "id": "https://sqs.eu-north-1.amazonaws.com/656647128674/Normal-Emails",
            "kms_data_key_reuse_period_seconds": 300,
            "kms_master_key_id": "",
            "max_message_size": 262144,
            "message_retention_seconds": 345600,
            "name": "Normal-Emails",
            "name_prefix": "",
            "policy": "",
            "receive_wait_time_seconds": 0,
            "redrive_allow_policy": "",
            "redrive_policy": "",
            "sqs_managed_sse_enabled": true,
            "tags": null,
            "tags_all": {},
            "url": "https://sqs.eu-north-1.amazonaws.com/656647128674/Normal-Emails",
            "visibility_timeout_seconds": 30
          },
          "sensitive_attributes": [],
          "private": "bnVsbA=="
        },
        {
          "index_key": "Normal-SMS",
          "schema_version": 0,
          "attributes": {
            "arn": "arn:aws:sqs:eu-north-1:656647128674:Normal-SMS",
            "content_based_deduplication": false,
            "deduplication_scope": "",
            "delay_seconds": 0,
            "fifo_queue": false,
            "fifo_throughput_limit": "",
            "id": "https://sqs.eu-north-1.amazonaws.com/656647128674/Normal-SMS",
            "kms_data_key_reuse_period_seconds": 300,
            "kms_master_key_id": "",
            "max_message_size": 262144,
            "message_retention_seconds": 345600,
            "name": "Normal-SMS",
            "name_prefix": "",
            "policy": "",
            "receive_wait_time_seconds": 0,
            "redrive_allow_policy": "",
            "redrive_policy": "",
            "sqs_managed_sse_enabled": true,
            "tags": null,
            "tags_all": {},
            "url": "https://sqs.eu-north-1.amazonaws.com/656647128674/Normal-SMS",
            "visibility_timeout_seconds": 30
          },
          "sensitive_attributes": [],
          "private": "bnVsbA=="
        },
        {
          "index_key": "Priority-Emails",
          "schema_version": 0,
          "attributes": {
            "arn": "arn:aws:sqs:eu-north-1:656647128674:Priority-Emails",
            "content_based_deduplication": false,
            "deduplication_scope": "",
            "delay_seconds": 0,
            "fifo_queue": false,
            "fifo_throughput_limit": "",
            "id": "https://sqs.eu-north-1.amazonaws.com/656647128674/Priority-Emails",
            "kms_data_key_reuse_period_seconds": 300,
            "kms_master_key_id": "",
            "max_message_size": 262144,
            "message_retention_seconds": 345600,
            "name": "Priority-Emails",
            "name_prefix": "",
            "policy": "",
            "receive_wait_time_seconds": 0,
            "redrive_allow_policy": "",
            "redrive_policy": "",
            "sqs_managed_sse_enabled": true,
            "tags": null,
            "tags_all": {},
            "url": "https://sqs.eu-north-1.amazonaws.com/656647128674/Priority-Emails",
            "visibility_timeout_seconds": 30
          },
          "sensitive_attributes": [],
          "private": "bnVsbA=="
        },
        {
          "index_key": "Priority-SMS",
          "schema_version": 0,
          "attributes": {
            "arn": "arn:aws:sqs:eu-north-1:656647128674:Priority-SMS",
            "content_based_deduplication": false,
            "deduplication_scope": "",
            "delay_seconds": 0,
            "fifo_queue": false,
            "fifo_throughput_limit": "",
            "id": "https://sqs.eu-north-1.amazonaws.com/656647128674/Priority-SMS",
            "kms_data_key_reuse_period_seconds": 300,
            "kms_master_key_id": "",
            "max_message_size": 262144,
            "message_retention_seconds": 345600,
            "name": "Priority-SMS",
            "name_prefix": "",
            "policy": "",
            "receive_wait_time_seconds": 0,
            "redrive_allow_policy": "",
            "redrive_policy": "",
            "sqs_managed_sse_enabled": true,
            "tags": null,
            "tags_all": {},
            "url": "https://sqs.eu-north-1.amazonaws.com/656647128674/Priority-SMS",
            "visibility_timeout_seconds": 30
          },
          "sensitive_attributes": [],
          "private": "bnVsbA=="
        }
      ]
    }
  ],
  "check_results": null
}
